
Microsoft Visual Studio Solution File, Format Version 12.00
# Visual Studio Version 17
VisualStudioVersion = 17.0.31606.5
MinimumVisualStudioVersion = 10.0.40219.1
Project("{9A19103F-16F7-4668-BE54-9A1E7A4F7556}") = "IdentityServer", "src\IdentityServer\IdentityServer.csproj", "{44F7DB97-2932-485E-9966-1592A7D0CFF3}"
EndProject
Project("{9A19103F-16F7-4668-BE54-9A1E7A4F7556}") = "Service.Weather", "src\Service.Weather\Service.Weather.csproj", "{B57509C5-E920-4EB5-AB90-0CF59F98576D}"
EndProject
Project("{54A90642-561A-4BB1-A94E-469ADEE60C69}") = "Web.UI", "src\Web.UI\Web.UI.esproj", "{678D3596-565B-4861-BB88-683D197B5FDD}"
EndProject
Global
	GlobalSection(SolutionConfigurationPlatforms) = preSolution
		Debug|Any CPU = Debug|Any CPU
		Release|Any CPU = Release|Any CPU
	EndGlobalSection
	GlobalSection(ProjectConfigurationPlatforms) = postSolution
		{44F7DB97-2932-485E-9966-1592A7D0CFF3}.Debug|Any CPU.ActiveCfg = Debug|Any CPU
		{44F7DB97-2932-485E-9966-1592A7D0CFF3}.Debug|Any CPU.Build.0 = Debug|Any CPU
		{44F7DB97-2932-485E-9966-1592A7D0CFF3}.Release|Any CPU.ActiveCfg = Release|Any CPU
		{44F7DB97-2932-485E-9966-1592A7D0CFF3}.Release|Any CPU.Build.0 = Release|Any CPU
		{B57509C5-E920-4EB5-AB90-0CF59F98576D}.Debug|Any CPU.ActiveCfg = Debug|Any CPU
		{B57509C5-E920-4EB5-AB90-0CF59F98576D}.Debug|Any CPU.Build.0 = Debug|Any CPU
		{B57509C5-E920-4EB5-AB90-0CF59F98576D}.Release|Any CPU.ActiveCfg = Release|Any CPU
		{B57509C5-E920-4EB5-AB90-0CF59F98576D}.Release|Any CPU.Build.0 = Release|Any CPU
		{678D3596-565B-4861-BB88-683D197B5FDD}.Debug|Any CPU.ActiveCfg = Debug|Any CPU
		{678D3596-565B-4861-BB88-683D197B5FDD}.Debug|Any CPU.Build.0 = Debug|Any CPU
		{678D3596-565B-4861-BB88-683D197B5FDD}.Debug|Any CPU.Deploy.0 = Debug|Any CPU
		{678D3596-565B-4861-BB88-683D197B5FDD}.Release|Any CPU.ActiveCfg = Release|Any CPU
		{678D3596-565B-4861-BB88-683D197B5FDD}.Release|Any CPU.Build.0 = Release|Any CPU
		{678D3596-565B-4861-BB88-683D197B5FDD}.Release|Any CPU.Deploy.0 = Release|Any CPU
	EndGlobalSection
	GlobalSection(SolutionProperties) = preSolution
		HideSolutionNode = FALSE
	EndGlobalSection
	GlobalSection(ExtensibilityGlobals) = postSolution
		SolutionGuid = {3052B890-3D98-451E-8F1B-BC40C80F7467}
	EndGlobalSection
EndGlobal
